
Microsoft Visual Studio Solution File, Format Version 12.00
# Visual Studio Version 17
VisualStudioVersion = 17.3.32825.248
MinimumVisualStudioVersion = 10.0.40219.1
Project("{FAE04EC0-301F-11D3-BF4B-00C04F79EFBC}") = "Jobs", "Jobs\Jobs.csproj", "{7BB35DFE-60AE-4592-85B9-6B9B56269279}"
EndProject
Global
	GlobalSection(SolutionConfigurationPlatforms) = preSolution
		Debug|Any CPU = Debug|Any CPU
		Release|Any CPU = Release|Any CPU
	EndGlobalSection
	GlobalSection(ProjectConfigurationPlatforms) = postSolution
		{7BB35DFE-60AE-4592-85B9-6B9B56269279}.Debug|Any CPU.ActiveCfg = Debug|Any CPU
		{7BB35DFE-60AE-4592-85B9-6B9B56269279}.Debug|Any CPU.Build.0 = Debug|Any CPU
		{7BB35DFE-60AE-4592-85B9-6B9B56269279}.Release|Any CPU.ActiveCfg = Release|Any CPU
		{7BB35DFE-60AE-4592-85B9-6B9B56269279}.Release|Any CPU.Build.0 = Release|Any CPU
	EndGlobalSection
	GlobalSection(SolutionProperties) = preSolution
		HideSolutionNode = FALSE
	EndGlobalSection
	GlobalSection(ExtensibilityGlobals) = postSolution
		SolutionGuid = {167656CA-0E1D-4DA2-9A90-536BA83766A1}
	EndGlobalSection
EndGlobal
